{
	"name": "passwordKeeper",
	"version": "0.0.1",
	"lockfileVersion": 1,
	"requires": true,
	"dependencies": {
		"react-native-fingerprint-scanner": {
			"version": "2.2.1",
			"resolved": "https://registry.npmjs.org/react-native-fingerprint-scanner/-/react-native-fingerprint-scanner-2.2.1.tgz",
			"integrity": "sha512-5nrRVLNHZ5Xdt6C9majy6/UGivErMhAMvGCEKn2g6e9/Lxn/St0cV9uDxx/gAKPCAh8Uh2RReh7ycEzqEnAnRw=="
		}
	}
}
